PODS:
  - AAChartKit (6.0.0)
  - AFNetworking (4.0.1):
    - AFNetworking/NSURLSession (= 4.0.1)
    - AFNetworking/Reachability (= 4.0.1)
    - AFNetworking/Security (= 4.0.1)
    - AFNetworking/Serialization (= 4.0.1)
    - AFNetworking/UIKit (= 4.0.1)
  - AFNetworking/NSURLSession (4.0.1):
    - AFNetworking/Reachability
    - AFNetworking/Security
    - AFNetworking/Serialization
  - AFNetworking/Reachability (4.0.1)
  - AFNetworking/Security (4.0.1)
  - AFNetworking/Serialization (4.0.1)
  - AFNetworking/UIKit (4.0.1):
    - AFNetworking/NSURLSession
  - FMDB (2.7.5):
    - FMDB/standard (= 2.7.5)
  - FMDB/standard (2.7.5)
  - JSONModel (1.8.0)
  - Masonry (1.1.0)
  - SDCycleScrollView (1.82):
    - SDWebImage (>= 5.0.0)
  - SDWebImage (5.11.1):
    - SDWebImage/Core (= 5.11.1)
  - SDWebImage/Core (5.11.1)
  - SVProgressHUD (2.2.5)

DEPENDENCIES:
  - AAChartKit (from `https://github.com/AAChartModel/AAChartKit.git`)
  - AFNetworking
  - FMDB
  - JSONModel
  - Masonry
  - SDCycleScrollView (>= 1.82)
  - SVProgressHUD

SPEC REPOS:
  https://github.com/CocoaPods/Specs.git:
    - AFNetworking
    - FMDB
    - JSONModel
    - Masonry
    - SDCycleScrollView
    - SDWebImage
    - SVProgressHUD

EXTERNAL SOURCES:
  AAChartKit:
    :git: https://github.com/AAChartModel/AAChartKit.git

CHECKOUT OPTIONS:
  AAChartKit:
    :commit: a7197d4d33fc33c7c2d3752dcef34b9ac74cd5c0
    :git: https://github.com/AAChartModel/AAChartKit.git

SPEC CHECKSUMS:
  AAChartKit: dffacac3b641f2d2dc2fbf5f227350d22faee784
  AFNetworking: 7864c38297c79aaca1500c33288e429c3451fdce
  FMDB: 2ce00b547f966261cd18927a3ddb07cb6f3db82a
  JSONModel: 02ab723958366a3fd27da57ea2af2113658762e9
  Masonry: 678fab65091a9290e40e2832a55e7ab731aad201
  SDCycleScrollView: a0d74c3384caa72bdfc81470bdbc8c14b3e1fbcf
  SDWebImage: a7f831e1a65eb5e285e3fb046a23fcfbf08e696d
  SVProgressHUD: 1428aafac632c1f86f62aa4243ec12008d7a51d6

PODFILE CHECKSUM: 62178c2a1bd1f1d96b25e072ed7b69887ae24ec8

COCOAPODS: 1.10.1
